{
  "name": "UConnFit-Backend-AWS",
  "lockfileVersion": 2,
  "requires": true,
  "packages": {
    "": {
      "devDependencies": {
        "serverless-plugin-warmup": "^8.1.0"
      }
    },
    "node_modules/serverless-plugin-warmup": {
      "version": "8.1.0",
      "resolved": "https://registry.npmjs.org/serverless-plugin-warmup/-/serverless-plugin-warmup-8.1.0.tgz",
      "integrity": "sha512-zgfjYsrMDRWJ3H9jj6/FjMRl6qMLms9C7sTViNh2MH3QX8+A9YjEUUZltKp/L7qQO0J+VPa0somS8+u4L7fdrQ==",
      "dev": true
    }
  },
  "dependencies": {
    "serverless-plugin-warmup": {
      "version": "8.1.0",
      "resolved": "https://registry.npmjs.org/serverless-plugin-warmup/-/serverless-plugin-warmup-8.1.0.tgz",
      "integrity": "sha512-zgfjYsrMDRWJ3H9jj6/FjMRl6qMLms9C7sTViNh2MH3QX8+A9YjEUUZltKp/L7qQO0J+VPa0somS8+u4L7fdrQ==",
      "dev": true
    }
  }
}
